// !$*UTF8*$!
{
	archiveVersion = 1;
	classes = {
	};
	objectVersion = 50;
	objects = {

/* Begin PBXBuildFile section */
		18B9B52826721EC3004F333E /* AppDelegate.swift in Sources */ = {isa = PBXBuildFile; fileRef = 18B9B52726721EC3004F333E /* AppDelegate.swift */; };
		18B9B52A26721EC3004F333E /* SceneDelegate.swift in Sources */ = {isa = PBXBuildFile; fileRef = 18B9B52926721EC3004F333E /* SceneDelegate.swift */; };
		18B9B52C26721EC3004F333E /* PuppyListViewController.swift in Sources */ = {isa = PBXBuildFile; fileRef = 18B9B52B26721EC3004F333E /* PuppyListViewController.swift */; };
		18B9B52F26721EC3004F333E /* Main.storyboard in Resources */ = {isa = PBXBuildFile; fileRef = 18B9B52D26721EC3004F333E /* Main.storyboard */; };
		18B9B53126721EC8004F333E /* Assets.xcassets in Resources */ = {isa = PBXBuildFile; fileRef = 18B9B53026721EC8004F333E /* Assets.xcassets */; };
		18B9B53426721EC8004F333E /* LaunchScreen.storyboard in Resources */ = {isa = PBXBuildFile; fileRef = 18B9B53226721EC8004F333E /* LaunchScreen.storyboard */; };
		18B9B53C2672237F004F333E /* CustomTableViewCell.swift in Sources */ = {isa = PBXBuildFile; fileRef = 18B9B53B2672237F004F333E /* CustomTableViewCell.swift */; };
		18B9B53E2672247C004F333E /* PuppyDetailsViewController.swift in Sources */ = {isa = PBXBuildFile; fileRef = 18B9B53D2672247C004F333E /* PuppyDetailsViewController.swift */; };
/* End PBXBuildFile section */

/* Begin PBXFileReference section */
		18B9B52426721EC3004F333E /* PuppyDetails.app */ = {isa = PBXFileReference; explicitFileType = wrapper.application; includeInIndex = 0; path = PuppyDetails.app; sourceTree = BUILT_PRODUCTS_DIR; };
		18B9B52726721EC3004F333E /* AppDelegate.swift */ = {isa = PBXFileReference; lastKnownFileType = sourcecode.swift; path = AppDelegate.swift; sourceTree = "<group>"; };
		18B9B52926721EC3004F333E /* SceneDelegate.swift */ = {isa = PBXFileReference; lastKnownFileType = sourcecode.swift; path = SceneDelegate.swift; sourceTree = "<group>"; };
		18B9B52B26721EC3004F333E /* PuppyListViewController.swift */ = {isa = PBXFileReference; lastKnownFileType = sourcecode.swift; path = PuppyListViewController.swift; sourceTree = "<group>"; };
		18B9B52E26721EC3004F333E /* Base */ = {isa = PBXFileReference; lastKnownFileType = file.storyboard; name = Base; path = Base.lproj/Main.storyboard; sourceTree = "<group>"; };
		18B9B53026721EC8004F333E /* Assets.xcassets */ = {isa = PBXFileReference; lastKnownFileType = folder.assetcatalog; path = Assets.xcassets; sourceTree = "<group>"; };
		18B9B53326721EC8004F333E /* Base */ = {isa = PBXFileReference; lastKnownFileType = file.storyboard; name = Base; path = Base.lproj/LaunchScreen.storyboard; sourceTree = "<group>"; };
		18B9B53526721EC8004F333E /* Info.plist */ = {isa = PBXFileReference; lastKnownFileType = text.plist.xml; path = Info.plist; sourceTree = "<group>"; };
		18B9B53B2672237F004F333E /* CustomTableViewCell.swift */ = {isa = PBXFileReference; lastKnownFileType = sourcecode.swift; path = CustomTableViewCell.swift; sourceTree = "<group>"; };
		18B9B53D2672247C004F333E /* PuppyDetailsViewController.swift */ = {isa = PBXFileReference; lastKnownFileType = sourcecode.swift; path = PuppyDetailsViewController.swift; sourceTree = "<group>"; };
/* End PBXFileReference section */

/* Begin PBXFrameworksBuildPhase section */
		18B9B52126721EC3004F333E /* Frameworks */ = {
			isa = PBXFrameworksBuildPhase;
			buildActionMask = 2147483647;
			files = (
			);
			runOnlyForDeploymentPostprocessing = 0;
		};
/* End PBXFrameworksBuildPhase section */

/* Begin PBXGroup section */
		18B9B51B26721EC3004F333E = {
			isa = PBXGroup;
			children = (
				18B9B52626721EC3004F333E /* PuppyDetails */,
				18B9B52526721EC3004F333E /* Products */,
			);
			sourceTree = "<group>";
		};
		18B9B52526721EC3004F333E /* Products */ = {
			isa = PBXGroup;
			children = (
				18B9B52426721EC3004F333E /* PuppyDetails.app */,
			);
			name = Products;
			sourceTree = "<group>";
		};
		18B9B52626721EC3004F333E /* PuppyDetails */ = {
			isa = PBXGroup;
			children = (
				18B9B52726721EC3004F333E /* AppDelegate.swift */,
				18B9B52926721EC3004F333E /* SceneDelegate.swift */,
				18B9B52B26721EC3004F333E /* PuppyListViewController.swift */,
				18B9B53B2672237F004F333E /* CustomTableViewCell.swift */,
				18B9B53D2672247C004F333E /* PuppyDetailsViewController.swift */,
				18B9B52D26721EC3004F333E /* Main.storyboard */,
				18B9B53026721EC8004F333E /* Assets.xcassets */,
				18B9B53226721EC8004F333E /* LaunchScreen.storyboard */,
				18B9B53526721EC8004F333E /* Info.plist */,
			);
			path = PuppyDetails;
			sourceTree = "<group>";
		};
/* End PBXGroup section */

/* Begin PBXNativeTarget section */
		18B9B52326721EC3004F333E /* PuppyDetails */ = {
			isa = PBXNativeTarget;
			buildConfigurationList = 18B9B53826721EC8004F333E /* Build configuration list for PBXNativeTarget "PuppyDetails" */;
			buildPhases = (
				18B9B52026721EC3004F333E /* Sources */,
				18B9B52126721EC3004F333E /* Frameworks */,
				18B9B52226721EC3004F333E /* Resources */,
			);
			buildRules = (
			);
			dependencies = (
			);
			name = PuppyDetails;
			productName = PuppyDetails;
			productReference = 18B9B52426721EC3004F333E /* PuppyDetails.app */;
			productType = "com.apple.product-type.application";
		};
/* End PBXNativeTarget section */

/* Begin PBXProject section */
		18B9B51C26721EC3004F333E /* Project object */ = {
			isa = PBXProject;
			attributes = {
				LastSwiftUpdateCheck = 1250;
				LastUpgradeCheck = 1250;
				TargetAttributes = {
					18B9B52326721EC3004F333E = {
						CreatedOnToolsVersion = 12.5;
					};
				};
			};
			buildConfigurationList = 18B9B51F26721EC3004F333E /* Build configuration list for PBXProject "PuppyDetails" */;
			compatibilityVersion = "Xcode 9.3";
			developmentRegion = en;
			hasScannedForEncodings = 0;
			knownRegions = (
				en,
				Base,
			);
			mainGroup = 18B9B51B26721EC3004F333E;
			productRefGroup = 18B9B52526721EC3004F333E /* Products */;
			projectDirPath = "";
			projectRoot = "";
			targets = (
				18B9B52326721EC3004F333E /* PuppyDetails */,
			);
		};
/* End PBXProject section */

/* Begin PBXResourcesBuildPhase section */
		18B9B52226721EC3004F333E /* Resources */ = {
			isa = PBXResourcesBuildPhase;
			buildActionMask = 2147483647;
			files = (
				18B9B53426721EC8004F333E /* LaunchScreen.storyboard in Resources */,
				18B9B53126721EC8004F333E /* Assets.xcassets in Resources */,
				18B9B52F26721EC3004F333E /* Main.storyboard in Resources */,
			);
			runOnlyForDeploymentPostprocessing = 0;
		};
/* End PBXResourcesBuildPhase section */

/* Begin PBXSourcesBuildPhase section */
		18B9B52026721EC3004F333E /* Sources */ = {
			isa = PBXSourcesBuildPhase;
			buildActionMask = 2147483647;
			files = (
				18B9B52C26721EC3004F333E /* PuppyListViewController.swift in Sources */,
				18B9B53E2672247C004F333E /* PuppyDetailsViewController.swift in Sources */,
				18B9B52826721EC3004F333E /* AppDelegate.swift in Sources */,
				18B9B53C2672237F004F333E /* CustomTableViewCell.swift in Sources */,
				18B9B52A26721EC3004F333E /* SceneDelegate.swift in Sources */,
			);
			runOnlyForDeploymentPostprocessing = 0;
		};
/* End PBXSourcesBuildPhase section */

/* Begin PBXVariantGroup section */
		18B9B52D26721EC3004F333E /* Main.storyboard */ = {
			isa = PBXVariantGroup;
			children = (
				18B9B52E26721EC3004F333E /* Base */,
			);
			name = Main.storyboard;
			sourceTree = "<group>";
		};
		18B9B53226721EC8004F333E /* LaunchScreen.storyboard */ = {
			isa = PBXVariantGroup;
			children = (
				18B9B53326721EC8004F333E /* Base */,
			);
			name = LaunchScreen.storyboard;
			sourceTree = "<group>";
		};
/* End PBXVariantGroup section */

/* Begin XCBuildConfiguration section */
		18B9B53626721EC8004F333E /* Debug */ = {
			isa = XCBuildConfiguration;
			buildSettings = {
				ALWAYS_SEARCH_USER_PATHS = NO;
				CLANG_ANALYZER_NONNULL = YES;
				CLANG_ANALYZER_NUMBER_OBJECT_CONVERSION = YES_AGGRESSIVE;
				CLANG_CXX_LANGUAGE_STANDARD = "gnu++14";
				CLANG_CXX_LIBRARY = "libc++";
				CLANG_ENABLE_MODULES = YES;
				CLANG_ENABLE_OBJC_ARC = YES;
				CLANG_ENABLE_OBJC_WEAK = YES;
				CLANG_WARN_BLOCK_CAPTURE_AUTORELEASING = YES;
				CLANG_WARN_BOOL_CONVERSION = YES;
				CLANG_WARN_COMMA = YES;
				CLANG_WARN_CONSTANT_CONVERSION = YES;
				CLANG_WARN_DEPRECATED_OBJC_IMPLEMENTATIONS = YES;
				CLANG_WARN_DIRECT_OBJC_ISA_USAGE = YES_ERROR;
				CLANG_WARN_DOCUMENTATION_COMMENTS = YES;
				CLANG_WARN_EMPTY_BODY = YES;
				CLANG_WARN_ENUM_CONVERSION = YES;
				CLANG_WARN_INFINITE_RECURSION = YES;
				CLANG_WARN_INT_CONVERSION = YES;
				CLANG_WARN_NON_LITERAL_NULL_CONVERSION = YES;
				CLANG_WARN_OBJC_IMPLICIT_RETAIN_SELF = YES;
				CLANG_WARN_OBJC_LITERAL_CONVERSION = YES;
				CLANG_WARN_OBJC_ROOT_CLASS = YES_ERROR;
				CLANG_WARN_QUOTED_INCLUDE_IN_FRAMEWORK_HEADER = YES;
				CLANG_WARN_RANGE_LOOP_ANALYSIS = YES;
				CLANG_WARN_STRICT_PROTOTYPES = YES;
				CLANG_WARN_SUSPICIOUS_MOVE = YES;
				CLANG_WARN_UNGUARDED_AVAILABILITY = YES_AGGRESSIVE;
				CLANG_WARN_UNREACHABLE_CODE = YES;
				CLANG_WARN__DUPLICATE_METHOD_MATCH = YES;
				COPY_PHASE_STRIP = NO;
				DEBUG_INFORMATION_FORMAT = dwarf;
				ENABLE_STRICT_OBJC_MSGSEND = YES;
				ENABLE_TESTABILITY = YES;
				GCC_C_LANGUAGE_STANDARD = gnu11;
				GCC_DYNAMIC_NO_PIC = NO;
				GCC_NO_COMMON_BLOCKS = YES;
				GCC_OPTIMIZATION_LEVEL = 0;
				GCC_PREPROCESSOR_DEFINITIONS = (
					"DEBUG=1",
					"$(inherited)",
				);
				GCC_WARN_64_TO_32_BIT_CONVERSION = YES;
				GCC_WARN_ABOUT_RETURN_TYPE = YES_ERROR;
				GCC_WARN_UNDECLARED_SELECTOR = YES;
				GCC_WARN_UNINITIALIZED_AUTOS = YES_AGGRESSIVE;
				GCC_WARN_UNUSED_FUNCTION = YES;
				GCC_WARN_UNUSED_VARIABLE = YES;
				IPHONEOS_DEPLOYMENT_TARGET = 14.5;
				MTL_ENABLE_DEBUG_INFO = INCLUDE_SOURCE;
				MTL_FAST_MATH = YES;
				ONLY_ACTIVE_ARCH = YES;
				SDKROOT = iphoneos;
				SWIFT_ACTIVE_COMPILATION_CONDITIONS = DEBUG;
				SWIFT_OPTIMIZATION_LEVEL = "-Onone";
			};
			name = Debug;
		};
		18B9B53726721EC8004F333E /* Release */ = {
			isa = XCBuildConfiguration;
			buildSettings = {
				ALWAYS_SEARCH_USER_PATHS = NO;
				CLANG_ANALYZER_NONNULL = YES;
				CLANG_ANALYZER_NUMBER_OBJECT_CONVERSION = YES_AGGRESSIVE;
				CLANG_CXX_LANGUAGE_STANDARD = "gnu++14";
				CLANG_CXX_LIBRARY = "libc++";
				CLANG_ENABLE_MODULES = YES;
				CLANG_ENABLE_OBJC_ARC = YES;
				CLANG_ENABLE_OBJC_WEAK = YES;
				CLANG_WARN_BLOCK_CAPTURE_AUTORELEASING = YES;
				CLANG_WARN_BOOL_CONVERSION = YES;
				CLANG_WARN_COMMA = YES;
				CLANG_WARN_CONSTANT_CONVERSION = YES;
				CLANG_WARN_DEPRECATED_OBJC_IMPLEMENTATIONS = YES;
				CLANG_WARN_DIRECT_OBJC_ISA_USAGE = YES_ERROR;
				CLANG_WARN_DOCUMENTATION_COMMENTS = YES;
				CLANG_WARN_EMPTY_BODY = YES;
				CLANG_WARN_ENUM_CONVERSION = YES;
				CLANG_WARN_INFINITE_RECURSION = YES;
				CLANG_WARN_INT_CONVERSION = YES;
				CLANG_WARN_NON_LITERAL_NULL_CONVERSION = YES;
				CLANG_WARN_OBJC_IMPLICIT_RETAIN_SELF = YES;
				CLANG_WARN_OBJC_LITERAL_CONVERSION = YES;
				CLANG_WARN_OBJC_ROOT_CLASS = YES_ERROR;
				CLANG_WARN_QUOTED_INCLUDE_IN_FRAMEWORK_HEADER = YES;
				CLANG_WARN_RANGE_LOOP_ANALYSIS = YES;
				CLANG_WARN_STRICT_PROTOTYPES = YES;
				CLANG_WARN_SUSPICIOUS_MOVE = YES;
				CLANG_WARN_UNGUARDED_AVAILABILITY = YES_AGGRESSIVE;
				CLANG_WARN_UNREACHABLE_CODE = YES;
				CLANG_WARN__DUPLICATE_METHOD_MATCH = YES;
				COPY_PHASE_STRIP = NO;
				DEBUG_INFORMATION_FORMAT = "dwarf-with-dsym";
				ENABLE_NS_ASSERTIONS = NO;
				ENABLE_STRICT_OBJC_MSGSEND = YES;
				GCC_C_LANGUAGE_STANDARD = gnu11;
				GCC_NO_COMMON_BLOCKS = YES;
				GCC_WARN_64_TO_32_BIT_CONVERSION = YES;
				GCC_WARN_ABOUT_RETURN_TYPE = YES_ERROR;
				GCC_WARN_UNDECLARED_SELECTOR = YES;
				GCC_WARN_UNINITIALIZED_AUTOS = YES_AGGRESSIVE;
				GCC_WARN_UNUSED_FUNCTION = YES;
				GCC_WARN_UNUSED_VARIABLE = YES;
				IPHONEOS_DEPLOYMENT_TARGET = 14.5;
				MTL_ENABLE_DEBUG_INFO = NO;
				MTL_FAST_MATH = YES;
				SDKROOT = iphoneos;
				SWIFT_COMPILATION_MODE = wholemodule;
				SWIFT_OPTIMIZATION_LEVEL = "-O";
				VALIDATE_PRODUCT = YES;
			};
			name = Release;
		};
		18B9B53926721EC8004F333E /* Debug */ = {
			isa = XCBuildConfiguration;
			buildSettings = {
				ASSETCATALOG_COMPILER_APPICON_NAME = AppIcon;
				ASSETCATALOG_COMPILER_GLOBAL_ACCENT_COLOR_NAME = AccentColor;
				CODE_SIGN_STYLE = Automatic;
				INFOPLIST_FILE = PuppyDetails/Info.plist;
				LD_RUNPATH_SEARCH_PATHS = (
					"$(inherited)",
					"@executable_path/Frameworks",
				);
				PRODUCT_BUNDLE_IDENTIFIER = com.Tech030893.PuppyDetails;
				PRODUCT_NAME = "$(TARGET_NAME)";
				SWIFT_VERSION = 5.0;
				TARGETED_DEVICE_FAMILY = "1,2";
			};
			name = Debug;
		};
		18B9B53A26721EC8004F333E /* Release */ = {
			isa = XCBuildConfiguration;
			buildSettings = {
				ASSETCATALOG_COMPILER_APPICON_NAME = AppIcon;
				ASSETCATALOG_COMPILER_GLOBAL_ACCENT_COLOR_NAME = AccentColor;
				CODE_SIGN_STYLE = Automatic;
				INFOPLIST_FILE = PuppyDetails/Info.plist;
				LD_RUNPATH_SEARCH_PATHS = (
					"$(inherited)",
					"@executable_path/Frameworks",
				);
				PRODUCT_BUNDLE_IDENTIFIER = com.Tech030893.PuppyDetails;
				PRODUCT_NAME = "$(TARGET_NAME)";
				SWIFT_VERSION = 5.0;
				TARGETED_DEVICE_FAMILY = "1,2";
			};
			name = Release;
		};
/* End XCBuildConfiguration section */

/* Begin XCConfigurationList section */
		18B9B51F26721EC3004F333E /* Build configuration list for PBXProject "PuppyDetails" */ = {
			isa = XCConfigurationList;
			buildConfigurations = (
				18B9B53626721EC8004F333E /* Debug */,
				18B9B53726721EC8004F333E /* Release */,
			);
			defaultConfigurationIsVisible = 0;
			defaultConfigurationName = Release;
		};
		18B9B53826721EC8004F333E /* Build configuration list for PBXNativeTarget "PuppyDetails" */ = {
			isa = XCConfigurationList;
			buildConfigurations = (
				18B9B53926721EC8004F333E /* Debug */,
				18B9B53A26721EC8004F333E /* Release */,
			);
			defaultConfigurationIsVisible = 0;
			defaultConfigurationName = Release;
		};
/* End XCConfigurationList section */
	};
	rootObject = 18B9B51C26721EC3004F333E /* Project object */;
}
